// !$*UTF8*$!
{
	archiveVersion = 1;
	classes = {
	};
	objectVersion = 46;
	objects = {

/* Begin PBXBuildFile section */
		CC86E80A1D88B32C0027298D /* AppDelegate.swift in Sources */ = {isa = PBXBuildFile; fileRef = CC86E8091D88B32C0027298D /* AppDelegate.swift */; };
		CC86E80C1D88B32C0027298D /* ViewController.swift in Sources */ = {isa = PBXBuildFile; fileRef = CC86E80B1D88B32C0027298D /* ViewController.swift */; };
		CC86E80F1D88B32C0027298D /* Main.storyboard in Resources */ = {isa = PBXBuildFile; fileRef = CC86E80D1D88B32C0027298D /* Main.storyboard */; };
		CC86E8111D88B32C0027298D /* Assets.xcassets in Resources */ = {isa = PBXBuildFile; fileRef = CC86E8101D88B32C0027298D /* Assets.xcassets */; };
		CC86E8141D88B32C0027298D /* LaunchScreen.storyboard in Resources */ = {isa = PBXBuildFile; fileRef = CC86E8121D88B32C0027298D /* LaunchScreen.storyboard */; };
/* End PBXBuildFile section */

/* Begin PBXFileReference section */
		CC86E8061D88B32C0027298D /* Excercises.app */ = {isa = PBXFileReference; explicitFileType = wrapper.application; includeInIndex = 0; path = Excercises.app; sourceTree = BUILT_PRODUCTS_DIR; };
		CC86E8091D88B32C0027298D /* AppDelegate.swift */ = {isa = PBXFileReference; lastKnownFileType = sourcecode.swift; path = AppDelegate.swift; sourceTree = "<group>"; };
		CC86E80B1D88B32C0027298D /* ViewController.swift */ = {isa = PBXFileReference; lastKnownFileType = sourcecode.swift; path = ViewController.swift; sourceTree = "<group>"; };
		CC86E80E1D88B32C0027298D /* Base */ = {isa = PBXFileReference; lastKnownFileType = file.storyboard; name = Base; path = Base.lproj/Main.storyboard; sourceTree = "<group>"; };
		CC86E8101D88B32C0027298D /* Assets.xcassets */ = {isa = PBXFileReference; lastKnownFileType = folder.assetcatalog; path = Assets.xcassets; sourceTree = "<group>"; };
		CC86E8131D88B32C0027298D /* Base */ = {isa = PBXFileReference; lastKnownFileType = file.storyboard; name = Base; path = Base.lproj/LaunchScreen.storyboard; sourceTree = "<group>"; };
		CC86E8151D88B32C0027298D /* Info.plist */ = {isa = PBXFileReference; lastKnownFileType = text.plist.xml; path = Info.plist; sourceTree = "<group>"; };
/* End PBXFileReference section */

/* Begin PBXFrameworksBuildPhase section */
		CC86E8031D88B32C0027298D /* Frameworks */ = {
			isa = PBXFrameworksBuildPhase;
			buildActionMask = 2147483647;
			files = (
			);
			runOnlyForDeploymentPostprocessing = 0;
		};
/* End PBXFrameworksBuildPhase section */

/* Begin PBXGroup section */
		CC86E7FD1D88B32C0027298D = {
			isa = PBXGroup;
			children = (
				CC86E8081D88B32C0027298D /* Excercises */,
				CC86E8071D88B32C0027298D /* Products */,
			);
			sourceTree = "<group>";
		};
		CC86E8071D88B32C0027298D /* Products */ = {
			isa = PBXGroup;
			children = (
				CC86E8061D88B32C0027298D /* Excercises.app */,
			);
			name = Products;
			sourceTree = "<group>";
		};
		CC86E8081D88B32C0027298D /* Excercises */ = {
			isa = PBXGroup;
			children = (
				CC86E8091D88B32C0027298D /* AppDelegate.swift */,
				CC86E80B1D88B32C0027298D /* ViewController.swift */,
				CC86E80D1D88B32C0027298D /* Main.storyboard */,
				CC86E8101D88B32C0027298D /* Assets.xcassets */,
				CC86E8121D88B32C0027298D /* LaunchScreen.storyboard */,
				CC86E8151D88B32C0027298D /* Info.plist */,
			);
			path = Excercises;
			sourceTree = "<group>";
		};
/* End PBXGroup section */

/* Begin PBXNativeTarget section */
		CC86E8051D88B32C0027298D /* Excercises */ = {
			isa = PBXNativeTarget;
			buildConfigurationList = CC86E8181D88B32C0027298D /* Build configuration list for PBXNativeTarget "Excercises" */;
			buildPhases = (
				CC86E8021D88B32C0027298D /* Sources */,
				CC86E8031D88B32C0027298D /* Frameworks */,
				CC86E8041D88B32C0027298D /* Resources */,
			);
			buildRules = (
			);
			dependencies = (
			);
			name = Excercises;
			productName = Excercises;
			productReference = CC86E8061D88B32C0027298D /* Excercises.app */;
			productType = "com.apple.product-type.application";
		};
/* End PBXNativeTarget section */

/* Begin PBXProject section */
		CC86E7FE1D88B32C0027298D /* Project object */ = {
			isa = PBXProject;
			attributes = {
				LastSwiftUpdateCheck = 0730;
				LastUpgradeCheck = 0800;
				ORGANIZATIONNAME = "iOS Team";
				TargetAttributes = {
					CC86E8051D88B32C0027298D = {
						CreatedOnToolsVersion = 7.3.1;
						LastSwiftMigration = 0800;
					};
				};
			};
			buildConfigurationList = CC86E8011D88B32C0027298D /* Build configuration list for PBXProject "Excercises" */;
			compatibilityVersion = "Xcode 3.2";
			developmentRegion = English;
			hasScannedForEncodings = 0;
			knownRegions = (
				en,
				Base,
			);
			mainGroup = CC86E7FD1D88B32C0027298D;
			productRefGroup = CC86E8071D88B32C0027298D /* Products */;
			projectDirPath = "";
			projectRoot = "";
			targets = (
				CC86E8051D88B32C0027298D /* Excercises */,
			);
		};
/* End PBXProject section */

/* Begin PBXResourcesBuildPhase section */
		CC86E8041D88B32C0027298D /* Resources */ = {
			isa = PBXResourcesBuildPhase;
			buildActionMask = 2147483647;
			files = (
				CC86E8141D88B32C0027298D /* LaunchScreen.storyboard in Resources */,
				CC86E8111D88B32C0027298D /* Assets.xcassets in Resources */,
				CC86E80F1D88B32C0027298D /* Main.storyboard in Resources */,
			);
			runOnlyForDeploymentPostprocessing = 0;
		};
/* End PBXResourcesBuildPhase section */

/* Begin PBXSourcesBuildPhase section */
		CC86E8021D88B32C0027298D /* Sources */ = {
			isa = PBXSourcesBuildPhase;
			buildActionMask = 2147483647;
			files = (
				CC86E80C1D88B32C0027298D /* ViewController.swift in Sources */,
				CC86E80A1D88B32C0027298D /* AppDelegate.swift in Sources */,
			);
			runOnlyForDeploymentPostprocessing = 0;
		};
/* End PBXSourcesBuildPhase section */

/* Begin PBXVariantGroup section */
		CC86E80D1D88B32C0027298D /* Main.storyboard */ = {
			isa = PBXVariantGroup;
			children = (
				CC86E80E1D88B32C0027298D /* Base */,
			);
			name = Main.storyboard;
			sourceTree = "<group>";
		};
		CC86E8121D88B32C0027298D /* LaunchScreen.storyboard */ = {
			isa = PBXVariantGroup;
			children = (
				CC86E8131D88B32C0027298D /* Base */,
			);
			name = LaunchScreen.storyboard;
			sourceTree = "<group>";
		};
/* End PBXVariantGroup section */

/* Begin XCBuildConfiguration section */
		CC86E8161D88B32C0027298D /* Debug */ = {
			isa = XCBuildConfiguration;
			buildSettings = {
				ALWAYS_SEARCH_USER_PATHS = NO;
				CLANG_ANALYZER_NONNULL = YES;
				CLANG_CXX_LANGUAGE_STANDARD = "gnu++0x";
				CLANG_CXX_LIBRARY = "libc++";
				CLANG_ENABLE_MODULES = YES;
				CLANG_ENABLE_OBJC_ARC = YES;
				CLANG_WARN_BOOL_CONVERSION = YES;
				CLANG_WARN_CONSTANT_CONVERSION = YES;
				CLANG_WARN_DIRECT_OBJC_ISA_USAGE = YES_ERROR;
				CLANG_WARN_EMPTY_BODY = YES;
				CLANG_WARN_ENUM_CONVERSION = YES;
				CLANG_WARN_INFINITE_RECURSION = YES;
				CLANG_WARN_INT_CONVERSION = YES;
				CLANG_WARN_OBJC_ROOT_CLASS = YES_ERROR;
				CLANG_WARN_SUSPICIOUS_MOVE = YES;
				CLANG_WARN_UNREACHABLE_CODE = YES;
				CLANG_WARN__DUPLICATE_METHOD_MATCH = YES;
				"CODE_SIGN_IDENTITY[sdk=iphoneos*]" = "iPhone Developer";
				COPY_PHASE_STRIP = NO;
				DEBUG_INFORMATION_FORMAT = dwarf;
				ENABLE_STRICT_OBJC_MSGSEND = YES;
				ENABLE_TESTABILITY = YES;
				GCC_C_LANGUAGE_STANDARD = gnu99;
				GCC_DYNAMIC_NO_PIC = NO;
				GCC_NO_COMMON_BLOCKS = YES;
				GCC_OPTIMIZATION_LEVEL = 0;
				GCC_PREPROCESSOR_DEFINITIONS = (
					"DEBUG=1",
					"$(inherited)",
				);
				GCC_WARN_64_TO_32_BIT_CONVERSION = YES;
				GCC_WARN_ABOUT_RETURN_TYPE = YES_ERROR;
				GCC_WARN_UNDECLARED_SELECTOR = YES;
				GCC_WARN_UNINITIALIZED_AUTOS = YES_AGGRESSIVE;
				GCC_WARN_UNUSED_FUNCTION = YES;
				GCC_WARN_UNUSED_VARIABLE = YES;
				IPHONEOS_DEPLOYMENT_TARGET = 9.3;
				MTL_ENABLE_DEBUG_INFO = YES;
				ONLY_ACTIVE_ARCH = YES;
				SDKROOT = iphoneos;
				SWIFT_OPTIMIZATION_LEVEL = "-Onone";
				TARGETED_DEVICE_FAMILY = "1,2";
			};
			name = Debug;
		};
		CC86E8171D88B32C0027298D /* Release */ = {
			isa = XCBuildConfiguration;
			buildSettings = {
				ALWAYS_SEARCH_USER_PATHS = NO;
				CLANG_ANALYZER_NONNULL = YES;
				CLANG_CXX_LANGUAGE_STANDARD = "gnu++0x";
				CLANG_CXX_LIBRARY = "libc++";
				CLANG_ENABLE_MODULES = YES;
				CLANG_ENABLE_OBJC_ARC = YES;
				CLANG_WARN_BOOL_CONVERSION = YES;
				CLANG_WARN_CONSTANT_CONVERSION = YES;
				CLANG_WARN_DIRECT_OBJC_ISA_USAGE = YES_ERROR;
				CLANG_WARN_EMPTY_BODY = YES;
				CLANG_WARN_ENUM_CONVERSION = YES;
				CLANG_WARN_INFINITE_RECURSION = YES;
				CLANG_WARN_INT_CONVERSION = YES;
				CLANG_WARN_OBJC_ROOT_CLASS = YES_ERROR;
				CLANG_WARN_SUSPICIOUS_MOVE = YES;
				CLANG_WARN_UNREACHABLE_CODE = YES;
				CLANG_WARN__DUPLICATE_METHOD_MATCH = YES;
				"CODE_SIGN_IDENTITY[sdk=iphoneos*]" = "iPhone Developer";
				COPY_PHASE_STRIP = NO;
				DEBUG_INFORMATION_FORMAT = "dwarf-with-dsym";
				ENABLE_NS_ASSERTIONS = NO;
				ENABLE_STRICT_OBJC_MSGSEND = YES;
				GCC_C_LANGUAGE_STANDARD = gnu99;
				GCC_NO_COMMON_BLOCKS = YES;
				GCC_WARN_64_TO_32_BIT_CONVERSION = YES;
				GCC_WARN_ABOUT_RETURN_TYPE = YES_ERROR;
				GCC_WARN_UNDECLARED_SELECTOR = YES;
				GCC_WARN_UNINITIALIZED_AUTOS = YES_AGGRESSIVE;
				GCC_WARN_UNUSED_FUNCTION = YES;
				GCC_WARN_UNUSED_VARIABLE = YES;
				IPHONEOS_DEPLOYMENT_TARGET = 9.3;
				MTL_ENABLE_DEBUG_INFO = NO;
				SDKROOT = iphoneos;
				SWIFT_OPTIMIZATION_LEVEL = "-Owholemodule";
				TARGETED_DEVICE_FAMILY = "1,2";
				VALIDATE_PRODUCT = YES;
			};
			name = Release;
		};
		CC86E8191D88B32C0027298D /* Debug */ = {
			isa = XCBuildConfiguration;
			buildSettings = {
				ASSETCATALOG_COMPILER_APPICON_NAME = AppIcon;
				INFOPLIST_FILE = Excercises/Info.plist;
				LD_RUNPATH_SEARCH_PATHS = "$(inherited) @executable_path/Frameworks";
				PRODUCT_BUNDLE_IDENTIFIER = com.vcz.Excercises;
				PRODUCT_NAME = "$(TARGET_NAME)";
				SWIFT_VERSION = 2.3;
			};
			name = Debug;
		};
		CC86E81A1D88B32C0027298D /* Release */ = {
			isa = XCBuildConfiguration;
			buildSettings = {
				ASSETCATALOG_COMPILER_APPICON_NAME = AppIcon;
				INFOPLIST_FILE = Excercises/Info.plist;
				LD_RUNPATH_SEARCH_PATHS = "$(inherited) @executable_path/Frameworks";
				PRODUCT_BUNDLE_IDENTIFIER = com.vcz.Excercises;
				PRODUCT_NAME = "$(TARGET_NAME)";
				SWIFT_VERSION = 2.3;
			};
			name = Release;
		};
/* End XCBuildConfiguration section */

/* Begin XCConfigurationList section */
		CC86E8011D88B32C0027298D /* Build configuration list for PBXProject "Excercises" */ = {
			isa = XCConfigurationList;
			buildConfigurations = (
				CC86E8161D88B32C0027298D /* Debug */,
				CC86E8171D88B32C0027298D /* Release */,
			);
			defaultConfigurationIsVisible = 0;
			defaultConfigurationName = Release;
		};
		CC86E8181D88B32C0027298D /* Build configuration list for PBXNativeTarget "Excercises" */ = {
			isa = XCConfigurationList;
			buildConfigurations = (
				CC86E8191D88B32C0027298D /* Debug */,
				CC86E81A1D88B32C0027298D /* Release */,
			);
			defaultConfigurationIsVisible = 0;
			defaultConfigurationName = Release;
		};
/* End XCConfigurationList section */
	};
	rootObject = CC86E7FE1D88B32C0027298D /* Project object */;
}
